
Microsoft Visual Studio Solution File, Format Version 12.00
# Visual Studio Version 16
VisualStudioVersion = 16.0.32630.194
MinimumVisualStudioVersion = 10.0.40219.1
Project("{FAE04EC0-301F-11D3-BF4B-00C04F79EFBC}") = "CandyShop", "CandyShop\CandyShop.csproj", "{80117E8E-9B40-4431-B783-F842D091BF6A}"
EndProject
Global
	GlobalSection(SolutionConfigurationPlatforms) = preSolution
		Debug|Any CPU = Debug|Any CPU
		Release|Any CPU = Release|Any CPU
	EndGlobalSection
	GlobalSection(ProjectConfigurationPlatforms) = postSolution
		{80117E8E-9B40-4431-B783-F842D091BF6A}.Debug|Any CPU.ActiveCfg = Debug|Any CPU
		{80117E8E-9B40-4431-B783-F842D091BF6A}.Debug|Any CPU.Build.0 = Debug|Any CPU
		{80117E8E-9B40-4431-B783-F842D091BF6A}.Release|Any CPU.ActiveCfg = Release|Any CPU
		{80117E8E-9B40-4431-B783-F842D091BF6A}.Release|Any CPU.Build.0 = Release|Any CPU
	EndGlobalSection
	GlobalSection(SolutionProperties) = preSolution
		HideSolutionNode = FALSE
	EndGlobalSection
	GlobalSection(ExtensibilityGlobals) = postSolution
		SolutionGuid = {EAAA38FE-9B57-49BF-8773-7C8DA3446C0A}
	EndGlobalSection
EndGlobal
